<?xml version="1.0" encoding="utf-8"?>
<Project ToolsVersion="4.0" xmlns="http://schemas.microsoft.com/developer/msbuild/2003">
  <ItemGroup>
    <Filter Include="Source Files">
      <UniqueIdentifier>{4FC737F1-C7A5-4376-A066-2A32D752A2FF}</UniqueIdentifier>
      <Extensions>cpp;c;cc;cxx;def;odl;idl;hpj;bat;asm;asmx</Extensions>
    </Filter>
    <Filter Include="Header Files">
      <UniqueIdentifier>{93995380-89BD-4b04-88EB-625FBE52EBFB}</UniqueIdentifier>
      <Extensions>h;hh;hpp;hxx;hm;inl;inc;xsd</Extensions>
    </Filter>
    <Filter Include="Resource Files">
      <UniqueIdentifier>{67DA6AB6-F800-4c08-8B7A-83BB121AAD01}</UniqueIdentifier>
      <Extensions>rc;ico;cur;bmp;dlg;rc2;rct;bin;rgs;gif;jpg;jpeg;jpe;resx;tiff;tif;png;wav;mfcribbon-ms</Extensions>
    </Filter>
    <Filter Include="Source Files\Network">
      <UniqueIdentifier>{9d7be1f5-ce3f-46aa-95f9-46167272c4c8}</UniqueIdentifier>
    </Filter>
    <Filter Include="Header Files\Network">
      <UniqueIdentifier>{5cb921a3-f0da-498b-ac2b-2fd0ce299f38}</UniqueIdentifier>
    </Filter>
    <Filter Include="Header Files\Ini">
      <UniqueIdentifier>{d0dab3e9-5027-4c9c-80db-9f237f936cd3}</UniqueIdentifier>
    </Filter>
    <Filter Include="Source Files\Ini">
      <UniqueIdentifier>{62bc29ce-b8ed-4936-bd9a-155b0aeeafcd}</UniqueIdentifier>
    </Filter>
    <Filter Include="Header Files\Sound">
      <UniqueIdentifier>{20ec2f9b-be97-4fe5-89f1-449280ef877e}</UniqueIdentifier>
    </Filter>
    <Filter Include="Header Files\Weapon">
      <UniqueIdentifier>{6306389e-c16f-4eb1-b44e-2796ef6e0ae7}</UniqueIdentifier>
    </Filter>
    <Filter Include="Header Files\Map">
      <UniqueIdentifier>{f5e0bd2c-0b84-4816-a87d-b8926c431669}</UniqueIdentifier>
    </Filter>
    <Filter Include="Source Files\Map">
      <UniqueIdentifier>{3dfda337-5ab1-4ad0-80f3-c5c4b7c918d4}</UniqueIdentifier>
    </Filter>
    <Filter Include="Source Files\Weapon">
      <UniqueIdentifier>{106180ba-a60e-4790-a136-0c30d954372b}</UniqueIdentifier>
    </Filter>
    <Filter Include="Source Files\Sound">
      <UniqueIdentifier>{0536ab09-0f17-46af-bf0c-533a28eaff3c}</UniqueIdentifier>
    </Filter>
    <Filter Include="Source Files\States">
      <UniqueIdentifier>{4d42244d-17d3-4e23-b4c4-b3d016a971e4}</UniqueIdentifier>
    </Filter>
    <Filter Include="Header Files\States">
      <UniqueIdentifier>{61a26ed8-0a26-4c2d-a049-cd3f38b1c2e7}</UniqueIdentifier>
    </Filter>
    <Filter Include="Header Files\Physics">
      <UniqueIdentifier>{45a84e72-914f-4e00-9b32-d5d4167d5866}</UniqueIdentifier>
    </Filter>
    <Filter Include="Source Files\Physics">
      <UniqueIdentifier>{dc924170-49ab-4b49-aba9-df8996bc6e53}</UniqueIdentifier>
    </Filter>
    <Filter Include="Header Files\Debug">
      <UniqueIdentifier>{0f6122f3-f4a2-4ddb-8b37-7e4f3e20cbd2}</UniqueIdentifier>
    </Filter>
    <Filter Include="Source Files\Debug">
      <UniqueIdentifier>{48de7523-8319-4176-8b44-28c2192d371f}</UniqueIdentifier>
    </Filter>
    <Filter Include="Header Files\Prop">
      <UniqueIdentifier>{8bedc1f1-7bd7-459a-8109-d909a790cf7f}</UniqueIdentifier>
    </Filter>
    <Filter Include="Header Files\NPC">
      <UniqueIdentifier>{b158b141-c0ad-4a21-ab51-63958bd88839}</UniqueIdentifier>
    </Filter>
    <Filter Include="Source Files\NPC">
      <UniqueIdentifier>{4fcbe0e8-f271-4894-a652-aa962e2322b0}</UniqueIdentifier>
    </Filter>
    <Filter Include="Header Files\Utility">
      <UniqueIdentifier>{aa5b5158-64cf-40d0-bbd6-dea4a2ad27ee}</UniqueIdentifier>
    </Filter>
    <Filter Include="Source Files\Utility">
      <UniqueIdentifier>{b1dd98da-fbe3-45dc-bde2-a913bc1e7128}</UniqueIdentifier>
    </Filter>
    <Filter Include="Header Files\Shader">
      <UniqueIdentifier>{b52d2083-065f-4d0c-bd8d-1385a3a177fd}</UniqueIdentifier>
    </Filter>
  </ItemGroup>
  <ItemGroup>
    <Text Include="ReadMe.txt" />
  </ItemGroup>
  <ItemGroup>
    <ClInclude Include="stdafx.h">
      <Filter>Header Files</Filter>
    </ClInclude>
    <ClInclude Include="targetver.h">
      <Filter>Header Files</Filter>
    </ClInclude>
    <ClInclude Include="CGame.h">
      <Filter>Header Files</Filter>
    </ClInclude>
    <ClInclude Include="CWindowManager.h">
      <Filter>Header Files</Filter>
    </ClInclude>
    <ClInclude Include="Vector.h">
      <Filter>Header Files</Filter>
    </ClInclude>
    <ClInclude Include="CSettings.h">
      <Filter>Header Files</Filter>
    </ClInclude>
    <ClInclude Include="CInput.h">
      <Filter>Header Files</Filter>
    </ClInclude>
    <ClInclude Include="Actions.h">
      <Filter>Header Files</Filter>
    </ClInclude>
    <ClInclude Include="CDrawingManager.h">
      <Filter>Header Files</Filter>
    </ClInclude>
    <ClInclude Include="CBaseEntity.h">
      <Filter>Header Files</Filter>
    </ClInclude>
    <ClInclude Include="CBaseCombatEntity.h">
      <Filter>Header Files</Filter>
    </ClInclude>
    <ClInclude Include="C6SPlayer.h">
      <Filter>Header Files</Filter>
    </ClInclude>
    <ClInclude Include="CTime.h">
      <Filter>Header Files</Filter>
    </ClInclude>
    <ClInclude Include="CPlayerHand.h">
      <Filter>Header Files</Filter>
    </ClInclude>
    <ClInclude Include="CGlobal.h">
      <Filter>Header Files</Filter>
    </ClInclude>
    <ClInclude Include="CProjectile.h">
      <Filter>Header Files</Filter>
    </ClInclude>
    <ClInclude Include="CProjectileManager.h">
      <Filter>Header Files</Filter>
    </ClInclude>
    <ClInclude Include="CEntityManager.h">
      <Filter>Header Files</Filter>
    </ClInclude>
    <ClInclude Include="CAnimatedSprite.h">
      <Filter>Header Files</Filter>
    </ClInclude>
    <ClInclude Include="ASSETS.h">
      <Filter>Header Files</Filter>
    </ClInclude>
    <ClInclude Include="CEncryption.h">
      <Filter>Header Files</Filter>
    </ClInclude>
    <ClInclude Include="CRandom.h">
      <Filter>Header Files</Filter>
    </ClInclude>
    <ClInclude Include="IEventListener.h">
      <Filter>Header Files</Filter>
    </ClInclude>
    <ClInclude Include="CEventManager.h">
      <Filter>Header Files</Filter>
    </ClInclude>
    <ClInclude Include="CClient.h">
      <Filter>Header Files\Network</Filter>
    </ClInclude>
    <ClInclude Include="CServer.h">
      <Filter>Header Files\Network</Filter>
    </ClInclude>
    <ClInclude Include="C6SPacket.h">
      <Filter>Header Files\Network</Filter>
    </ClInclude>
    <ClInclude Include="C6SNetwork.h">
      <Filter>Header Files\Network</Filter>
    </ClInclude>
    <ClInclude Include="CParticleEmitter.h">
      <Filter>Header Files</Filter>
    </ClInclude>
    <ClInclude Include="CIniItem.h">
      <Filter>Header Files\Ini</Filter>
    </ClInclude>
    <ClInclude Include="CIniReader.h">
      <Filter>Header Files\Ini</Filter>
    </ClInclude>
    <ClInclude Include="CIniWriter.h">
      <Filter>Header Files\Ini</Filter>
    </ClInclude>
    <ClInclude Include="CSoundItem.h">
      <Filter>Header Files\Sound</Filter>
    </ClInclude>
    <ClInclude Include="CSoundManager.h">
      <Filter>Header Files\Sound</Filter>
    </ClInclude>
    <ClInclude Include="CBaseWeapon.h">
      <Filter>Header Files\Weapon</Filter>
    </ClInclude>
    <ClInclude Include="CBaseThrowableWeapon.h">
      <Filter>Header Files\Weapon</Filter>
    </ClInclude>
    <ClInclude Include="CBaseProjectileWeapon.h">
      <Filter>Header Files\Weapon</Filter>
    </ClInclude>
    <ClInclude Include="CBaseMeleeWeapon.h">
      <Filter>Header Files\Weapon</Filter>
    </ClInclude>
    <ClInclude Include="C6SMap.h">
      <Filter>Header Files\Map</Filter>
    </ClInclude>
    <ClInclude Include="C6SMapTile.h">
      <Filter>Header Files\Map</Filter>
    </ClInclude>
    <ClInclude Include="C6SMapMakerState.h">
      <Filter>Header Files\States</Filter>
    </ClInclude>
    <ClInclude Include="C6SMenuState.h">
      <Filter>Header Files\States</Filter>
    </ClInclude>
    <ClInclude Include="C6SMultiplayerState.h">
      <Filter>Header Files\States</Filter>
    </ClInclude>
    <ClInclude Include="C6SDevState.h">
      <Filter>Header Files\States</Filter>
    </ClInclude>
    <ClInclude Include="CPhysicsDebugDraw.h">
      <Filter>Header Files</Filter>
    </ClInclude>
    <ClInclude Include="CWorldPhysics.h">
      <Filter>Header Files\Physics</Filter>
    </ClInclude>
    <ClInclude Include="CPlayerPhysics.h">
      <Filter>Header Files\Physics</Filter>
    </ClInclude>
    <ClInclude Include="CEntityPhysics.h">
      <Filter>Header Files\Physics</Filter>
    </ClInclude>
    <ClInclude Include="C6SMultiplayerGameState.h">
      <Filter>Header Files\States</Filter>
    </ClInclude>
    <ClInclude Include="C6SNetworkedPlayer.h">
      <Filter>Header Files</Filter>
    </ClInclude>
    <ClInclude Include="CTickRate.h">
      <Filter>Header Files</Filter>
    </ClInclude>
    <ClInclude Include="CChatList.h">
      <Filter>Header Files</Filter>
    </ClInclude>
    <ClInclude Include="CDebugLogger.h">
      <Filter>Header Files\Debug</Filter>
    </ClInclude>
    <ClInclude Include="CGoreEngine.h">
      <Filter>Header Files</Filter>
    </ClInclude>
    <ClInclude Include="C6SSettingsState.h">
      <Filter>Header Files\States</Filter>
    </ClInclude>
    <ClInclude Include="INetworkListener.h">
      <Filter>Header Files</Filter>
    </ClInclude>
    <ClInclude Include="C6SBaseNetworkedWeapon.h">
      <Filter>Header Files\Weapon</Filter>
    </ClInclude>
    <ClInclude Include="CSpentCasingEffect.h">
      <Filter>Header Files</Filter>
    </ClInclude>
    <ClInclude Include="6SWeapons.h">
      <Filter>Header Files\Weapon</Filter>
    </ClInclude>
    <ClInclude Include="CEventScheduler.h">
      <Filter>Header Files</Filter>
    </ClInclude>
    <ClInclude Include="CBaseProp.h">
      <Filter>Header Files\Prop</Filter>
    </ClInclude>
    <ClInclude Include="CBaseNPC.h">
      <Filter>Header Files\NPC</Filter>
    </ClInclude>
    <ClInclude Include="CTutorialNPC.h">
      <Filter>Header Files\NPC</Filter>
    </ClInclude>
    <ClInclude Include="CLuaLink.h">
      <Filter>Header Files</Filter>
    </ClInclude>
    <ClInclude Include="C6SMultiplayerMinigameState.h">
      <Filter>Header Files\States</Filter>
    </ClInclude>
    <ClInclude Include="CNetVar.h">
      <Filter>Header Files\Network</Filter>
    </ClInclude>
    <ClInclude Include="CNetVarFactory.h">
      <Filter>Header Files\Network</Filter>
    </ClInclude>
    <ClInclude Include="CGlobalVars.h">
      <Filter>Header Files</Filter>
    </ClInclude>
    <ClInclude Include="C6SSingleplayerMinigameState.h">
      <Filter>Header Files\States</Filter>
    </ClInclude>
    <ClInclude Include="C6SDevTestGM.h">
      <Filter>Header Files\States</Filter>
    </ClInclude>
    <ClInclude Include="Util.h">
      <Filter>Header Files\Utility</Filter>
    </ClInclude>
    <ClInclude Include="DebugUtil.h">
      <Filter>Header Files\Debug</Filter>
    </ClInclude>
    <ClInclude Include="CGameState.h">
      <Filter>Header Files\States</Filter>
    </ClInclude>
    <ClInclude Include="CGameStateHandler.h">
      <Filter>Header Files\States</Filter>
    </ClInclude>
    <ClInclude Include="CShaderEffect.h">
      <Filter>Header Files\Shader</Filter>
    </ClInclude>
  </ItemGroup>
  <ItemGroup>
    <ClCompile Include="stdafx.cpp">
      <Filter>Source Files</Filter>
    </ClCompile>
    <ClCompile Include="6Shots.cpp">
      <Filter>Source Files</Filter>
    </ClCompile>
    <ClCompile Include="CGame.cpp">
      <Filter>Source Files</Filter>
    </ClCompile>
    <ClCompile Include="CWindowManager.cpp">
      <Filter>Source Files</Filter>
    </ClCompile>
    <ClCompile Include="CInput.cpp">
      <Filter>Source Files</Filter>
    </ClCompile>
    <ClCompile Include="CSettings.cpp">
      <Filter>Source Files</Filter>
    </ClCompile>
    <ClCompile Include="CDrawingManager.cpp">
      <Filter>Source Files</Filter>
    </ClCompile>
    <ClCompile Include="CBaseCombatEntity.cpp">
      <Filter>Source Files</Filter>
    </ClCompile>
    <ClCompile Include="CBaseEntity.cpp">
      <Filter>Source Files</Filter>
    </ClCompile>
    <ClCompile Include="CTime.cpp">
      <Filter>Source Files</Filter>
    </ClCompile>
    <ClCompile Include="C6SPlayer.cpp">
      <Filter>Source Files</Filter>
    </ClCompile>
    <ClCompile Include="CPlayerHand.cpp">
      <Filter>Source Files</Filter>
    </ClCompile>
    <ClCompile Include="CGlobal.cpp">
      <Filter>Source Files</Filter>
    </ClCompile>
    <ClCompile Include="CProjectileManager.cpp">
      <Filter>Source Files</Filter>
    </ClCompile>
    <ClCompile Include="CProjectile.cpp">
      <Filter>Source Files</Filter>
    </ClCompile>
    <ClCompile Include="CAnimatedSprite.cpp">
      <Filter>Source Files</Filter>
    </ClCompile>
    <ClCompile Include="CEntityManager.cpp">
      <Filter>Source Files</Filter>
    </ClCompile>
    <ClCompile Include="CEventManager.cpp">
      <Filter>Source Files</Filter>
    </ClCompile>
    <ClCompile Include="C6SPacket.cpp">
      <Filter>Source Files\Network</Filter>
    </ClCompile>
    <ClCompile Include="C6SNetwork.cpp">
      <Filter>Source Files\Network</Filter>
    </ClCompile>
    <ClCompile Include="CClient.cpp">
      <Filter>Source Files\Network</Filter>
    </ClCompile>
    <ClCompile Include="CServer.cpp">
      <Filter>Source Files\Network</Filter>
    </ClCompile>
    <ClCompile Include="CParticleEmitter.cpp">
      <Filter>Source Files</Filter>
    </ClCompile>
    <ClCompile Include="CIniItem.cpp">
      <Filter>Source Files\Ini</Filter>
    </ClCompile>
    <ClCompile Include="CIniReader.cpp">
      <Filter>Source Files\Ini</Filter>
    </ClCompile>
    <ClCompile Include="CIniWriter.cpp">
      <Filter>Source Files\Ini</Filter>
    </ClCompile>
    <ClCompile Include="CRandom.cpp">
      <Filter>Source Files</Filter>
    </ClCompile>
    <ClCompile Include="C6SMap.cpp">
      <Filter>Source Files\Map</Filter>
    </ClCompile>
    <ClCompile Include="6SWeapons.cpp">
      <Filter>Source Files\Weapon</Filter>
    </ClCompile>
    <ClCompile Include="CBaseProjectileWeapon.cpp">
      <Filter>Source Files\Weapon</Filter>
    </ClCompile>
    <ClCompile Include="CBaseWeapon.cpp">
      <Filter>Source Files\Weapon</Filter>
    </ClCompile>
    <ClCompile Include="CSoundManager.cpp">
      <Filter>Source Files\Sound</Filter>
    </ClCompile>
    <ClCompile Include="CSoundItem.cpp">
      <Filter>Source Files\Sound</Filter>
    </ClCompile>
    <ClCompile Include="C6SDevState.cpp">
      <Filter>Source Files\States</Filter>
    </ClCompile>
    <ClCompile Include="C6SMenuState.cpp">
      <Filter>Source Files\States</Filter>
    </ClCompile>
    <ClCompile Include="C6SMultiplayerState.cpp">
      <Filter>Source Files\States</Filter>
    </ClCompile>
    <ClCompile Include="C6SMapMakerState.cpp">
      <Filter>Source Files\States</Filter>
    </ClCompile>
    <ClCompile Include="CPhysicsDebugDraw.cpp">
      <Filter>Source Files</Filter>
    </ClCompile>
    <ClCompile Include="CEntityPhysics.cpp">
      <Filter>Source Files\Physics</Filter>
    </ClCompile>
    <ClCompile Include="CWorldPhysics.cpp">
      <Filter>Source Files\Physics</Filter>
    </ClCompile>
    <ClCompile Include="CPlayerPhysics.cpp">
      <Filter>Source Files\Physics</Filter>
    </ClCompile>
    <ClCompile Include="C6SMultiplayerGameState.cpp">
      <Filter>Source Files\States</Filter>
    </ClCompile>
    <ClCompile Include="C6SNetworkedPlayer.cpp">
      <Filter>Source Files</Filter>
    </ClCompile>
    <ClCompile Include="CTickRate.cpp">
      <Filter>Source Files</Filter>
    </ClCompile>
    <ClCompile Include="CChatList.cpp">
      <Filter>Source Files</Filter>
    </ClCompile>
    <ClCompile Include="CDebugLogger.cpp">
      <Filter>Source Files\Debug</Filter>
    </ClCompile>
    <ClCompile Include="CGoreEngine.cpp">
      <Filter>Source Files</Filter>
    </ClCompile>
    <ClCompile Include="C6SSettingsState.cpp">
      <Filter>Source Files\States</Filter>
    </ClCompile>
    <ClCompile Include="CSpentCasingEffect.cpp">
      <Filter>Source Files</Filter>
    </ClCompile>
    <ClCompile Include="CEventScheduler.cpp">
      <Filter>Source Files</Filter>
    </ClCompile>
    <ClCompile Include="CBaseNPC.cpp">
      <Filter>Source Files\NPC</Filter>
    </ClCompile>
    <ClCompile Include="CLuaLink.cpp">
      <Filter>Source Files</Filter>
    </ClCompile>
    <ClCompile Include="CNetVar.cpp">
      <Filter>Source Files\Network</Filter>
    </ClCompile>
    <ClCompile Include="C6SMultiplayerMinigameState.cpp">
      <Filter>Source Files\States</Filter>
    </ClCompile>
    <ClCompile Include="CNetVarFactory.cpp">
      <Filter>Source Files\Network</Filter>
    </ClCompile>
    <ClCompile Include="C6SSingleplayerMinigameState.cpp">
      <Filter>Source Files\States</Filter>
    </ClCompile>
    <ClCompile Include="C6SDevTestGM.cpp">
      <Filter>Source Files\States</Filter>
    </ClCompile>
    <ClCompile Include="Util.cpp">
      <Filter>Source Files\Utility</Filter>
    </ClCompile>
    <ClCompile Include="CGameStateHandler.cpp">
      <Filter>Source Files\States</Filter>
    </ClCompile>
  </ItemGroup>
</Project>